// !$*UTF8*$!
{
	archiveVersion = 1;
	classes = {
	};
	objectVersion = 50;
	objects = {

/* Begin PBXBuildFile section */
		B4BF99432322DAED008404AE /* AppDelegate.swift in Sources */ = {isa = PBXBuildFile; fileRef = B4BF99422322DAED008404AE /* AppDelegate.swift */; };
		B4BF99452322DAED008404AE /* ViewController.swift in Sources */ = {isa = PBXBuildFile; fileRef = B4BF99442322DAED008404AE /* ViewController.swift */; };
		B4BF99482322DAED008404AE /* Main.storyboard in Resources */ = {isa = PBXBuildFile; fileRef = B4BF99462322DAED008404AE /* Main.storyboard */; };
		B4BF994A2322DAEF008404AE /* Assets.xcassets in Resources */ = {isa = PBXBuildFile; fileRef = B4BF99492322DAEF008404AE /* Assets.xcassets */; };
		B4BF994D2322DAEF008404AE /* LaunchScreen.storyboard in Resources */ = {isa = PBXBuildFile; fileRef = B4BF994B2322DAEF008404AE /* LaunchScreen.storyboard */; };
		B4BF99582322DAEF008404AE /* quizTests.swift in Sources */ = {isa = PBXBuildFile; fileRef = B4BF99572322DAEF008404AE /* quizTests.swift */; };
		B4BF99632322DAEF008404AE /* quizUITests.swift in Sources */ = {isa = PBXBuildFile; fileRef = B4BF99622322DAEF008404AE /* quizUITests.swift */; };
/* End PBXBuildFile section */

/* Begin PBXContainerItemProxy section */
		B4BF99542322DAEF008404AE /* PBXContainerItemProxy */ = {
			isa = PBXContainerItemProxy;
			containerPortal = B4BF99372322DAED008404AE /* Project object */;
			proxyType = 1;
			remoteGlobalIDString = B4BF993E2322DAED008404AE;
			remoteInfo = quiz;
		};
		B4BF995F2322DAEF008404AE /* PBXContainerItemProxy */ = {
			isa = PBXContainerItemProxy;
			containerPortal = B4BF99372322DAED008404AE /* Project object */;
			proxyType = 1;
			remoteGlobalIDString = B4BF993E2322DAED008404AE;
			remoteInfo = quiz;
		};
/* End PBXContainerItemProxy section */

/* Begin PBXFileReference section */
		B4BF993F2322DAED008404AE /* quiz.app */ = {isa = PBXFileReference; explicitFileType = wrapper.application; includeInIndex = 0; path = quiz.app; sourceTree = BUILT_PRODUCTS_DIR; };
		B4BF99422322DAED008404AE /* AppDelegate.swift */ = {isa = PBXFileReference; lastKnownFileType = sourcecode.swift; path = AppDelegate.swift; sourceTree = "<group>"; };
		B4BF99442322DAED008404AE /* ViewController.swift */ = {isa = PBXFileReference; lastKnownFileType = sourcecode.swift; path = ViewController.swift; sourceTree = "<group>"; };
		B4BF99472322DAED008404AE /* Base */ = {isa = PBXFileReference; lastKnownFileType = file.storyboard; name = Base; path = Base.lproj/Main.storyboard; sourceTree = "<group>"; };
		B4BF99492322DAEF008404AE /* Assets.xcassets */ = {isa = PBXFileReference; lastKnownFileType = folder.assetcatalog; path = Assets.xcassets; sourceTree = "<group>"; };
		B4BF994C2322DAEF008404AE /* Base */ = {isa = PBXFileReference; lastKnownFileType = file.storyboard; name = Base; path = Base.lproj/LaunchScreen.storyboard; sourceTree = "<group>"; };
		B4BF994E2322DAEF008404AE /* Info.plist */ = {isa = PBXFileReference; lastKnownFileType = text.plist.xml; path = Info.plist; sourceTree = "<group>"; };
		B4BF99532322DAEF008404AE /* quizTests.xctest */ = {isa = PBXFileReference; explicitFileType = wrapper.cfbundle; includeInIndex = 0; path = quizTests.xctest; sourceTree = BUILT_PRODUCTS_DIR; };
		B4BF99572322DAEF008404AE /* quizTests.swift */ = {isa = PBXFileReference; lastKnownFileType = sourcecode.swift; path = quizTests.swift; sourceTree = "<group>"; };
		B4BF99592322DAEF008404AE /* Info.plist */ = {isa = PBXFileReference; lastKnownFileType = text.plist.xml; path = Info.plist; sourceTree = "<group>"; };
		B4BF995E2322DAEF008404AE /* quizUITests.xctest */ = {isa = PBXFileReference; explicitFileType = wrapper.cfbundle; includeInIndex = 0; path = quizUITests.xctest; sourceTree = BUILT_PRODUCTS_DIR; };
		B4BF99622322DAEF008404AE /* quizUITests.swift */ = {isa = PBXFileReference; lastKnownFileType = sourcecode.swift; path = quizUITests.swift; sourceTree = "<group>"; };
		B4BF99642322DAEF008404AE /* Info.plist */ = {isa = PBXFileReference; lastKnownFileType = text.plist.xml; path = Info.plist; sourceTree = "<group>"; };
/* End PBXFileReference section */

/* Begin PBXFrameworksBuildPhase section */
		B4BF993C2322DAED008404AE /* Frameworks */ = {
			isa = PBXFrameworksBuildPhase;
			buildActionMask = 2147483647;
			files = (
			);
			runOnlyForDeploymentPostprocessing = 0;
		};
		B4BF99502322DAEF008404AE /* Frameworks */ = {
			isa = PBXFrameworksBuildPhase;
			buildActionMask = 2147483647;
			files = (
			);
			runOnlyForDeploymentPostprocessing = 0;
		};
		B4BF995B2322DAEF008404AE /* Frameworks */ = {
			isa = PBXFrameworksBuildPhase;
			buildActionMask = 2147483647;
			files = (
			);
			runOnlyForDeploymentPostprocessing = 0;
		};
/* End PBXFrameworksBuildPhase section */

/* Begin PBXGroup section */
		B4BF99362322DAED008404AE = {
			isa = PBXGroup;
			children = (
				B4BF99412322DAED008404AE /* quiz */,
				B4BF99562322DAEF008404AE /* quizTests */,
				B4BF99612322DAEF008404AE /* quizUITests */,
				B4BF99402322DAED008404AE /* Products */,
			);
			sourceTree = "<group>";
		};
		B4BF99402322DAED008404AE /* Products */ = {
			isa = PBXGroup;
			children = (
				B4BF993F2322DAED008404AE /* quiz.app */,
				B4BF99532322DAEF008404AE /* quizTests.xctest */,
				B4BF995E2322DAEF008404AE /* quizUITests.xctest */,
			);
			name = Products;
			sourceTree = "<group>";
		};
		B4BF99412322DAED008404AE /* quiz */ = {
			isa = PBXGroup;
			children = (
				B4BF99422322DAED008404AE /* AppDelegate.swift */,
				B4BF99442322DAED008404AE /* ViewController.swift */,
				B4BF99462322DAED008404AE /* Main.storyboard */,
				B4BF99492322DAEF008404AE /* Assets.xcassets */,
				B4BF994B2322DAEF008404AE /* LaunchScreen.storyboard */,
				B4BF994E2322DAEF008404AE /* Info.plist */,
			);
			path = quiz;
			sourceTree = "<group>";
		};
		B4BF99562322DAEF008404AE /* quizTests */ = {
			isa = PBXGroup;
			children = (
				B4BF99572322DAEF008404AE /* quizTests.swift */,
				B4BF99592322DAEF008404AE /* Info.plist */,
			);
			path = quizTests;
			sourceTree = "<group>";
		};
		B4BF99612322DAEF008404AE /* quizUITests */ = {
			isa = PBXGroup;
			children = (
				B4BF99622322DAEF008404AE /* quizUITests.swift */,
				B4BF99642322DAEF008404AE /* Info.plist */,
			);
			path = quizUITests;
			sourceTree = "<group>";
		};
/* End PBXGroup section */

/* Begin PBXNativeTarget section */
		B4BF993E2322DAED008404AE /* quiz */ = {
			isa = PBXNativeTarget;
			buildConfigurationList = B4BF99672322DAEF008404AE /* Build configuration list for PBXNativeTarget "quiz" */;
			buildPhases = (
				B4BF993B2322DAED008404AE /* Sources */,
				B4BF993C2322DAED008404AE /* Frameworks */,
				B4BF993D2322DAED008404AE /* Resources */,
			);
			buildRules = (
			);
			dependencies = (
			);
			name = quiz;
			productName = quiz;
			productReference = B4BF993F2322DAED008404AE /* quiz.app */;
			productType = "com.apple.product-type.application";
		};
		B4BF99522322DAEF008404AE /* quizTests */ = {
			isa = PBXNativeTarget;
			buildConfigurationList = B4BF996A2322DAEF008404AE /* Build configuration list for PBXNativeTarget "quizTests" */;
			buildPhases = (
				B4BF994F2322DAEF008404AE /* Sources */,
				B4BF99502322DAEF008404AE /* Frameworks */,
				B4BF99512322DAEF008404AE /* Resources */,
			);
			buildRules = (
			);
			dependencies = (
				B4BF99552322DAEF008404AE /* PBXTargetDependency */,
			);
			name = quizTests;
			productName = quizTests;
			productReference = B4BF99532322DAEF008404AE /* quizTests.xctest */;
			productType = "com.apple.product-type.bundle.unit-test";
		};
		B4BF995D2322DAEF008404AE /* quizUITests */ = {
			isa = PBXNativeTarget;
			buildConfigurationList = B4BF996D2322DAEF008404AE /* Build configuration list for PBXNativeTarget "quizUITests" */;
			buildPhases = (
				B4BF995A2322DAEF008404AE /* Sources */,
				B4BF995B2322DAEF008404AE /* Frameworks */,
				B4BF995C2322DAEF008404AE /* Resources */,
			);
			buildRules = (
			);
			dependencies = (
				B4BF99602322DAEF008404AE /* PBXTargetDependency */,
			);
			name = quizUITests;
			productName = quizUITests;
			productReference = B4BF995E2322DAEF008404AE /* quizUITests.xctest */;
			productType = "com.apple.product-type.bundle.ui-testing";
		};
/* End PBXNativeTarget section */

/* Begin PBXProject section */
		B4BF99372322DAED008404AE /* Project object */ = {
			isa = PBXProject;
			attributes = {
				LastSwiftUpdateCheck = 0940;
				LastUpgradeCheck = 0940;
				ORGANIZATIONNAME = "Navjot Kaur";
				TargetAttributes = {
					B4BF993E2322DAED008404AE = {
						CreatedOnToolsVersion = 9.4.1;
					};
					B4BF99522322DAEF008404AE = {
						CreatedOnToolsVersion = 9.4.1;
						TestTargetID = B4BF993E2322DAED008404AE;
					};
					B4BF995D2322DAEF008404AE = {
						CreatedOnToolsVersion = 9.4.1;
						TestTargetID = B4BF993E2322DAED008404AE;
					};
				};
			};
			buildConfigurationList = B4BF993A2322DAED008404AE /* Build configuration list for PBXProject "quiz" */;
			compatibilityVersion = "Xcode 9.3";
			developmentRegion = en;
			hasScannedForEncodings = 0;
			knownRegions = (
				en,
				Base,
			);
			mainGroup = B4BF99362322DAED008404AE;
			productRefGroup = B4BF99402322DAED008404AE /* Products */;
			projectDirPath = "";
			projectRoot = "";
			targets = (
				B4BF993E2322DAED008404AE /* quiz */,
				B4BF99522322DAEF008404AE /* quizTests */,
				B4BF995D2322DAEF008404AE /* quizUITests */,
			);
		};
/* End PBXProject section */

/* Begin PBXResourcesBuildPhase section */
		B4BF993D2322DAED008404AE /* Resources */ = {
			isa = PBXResourcesBuildPhase;
			buildActionMask = 2147483647;
			files = (
				B4BF994D2322DAEF008404AE /* LaunchScreen.storyboard in Resources */,
				B4BF994A2322DAEF008404AE /* Assets.xcassets in Resources */,
				B4BF99482322DAED008404AE /* Main.storyboard in Resources */,
			);
			runOnlyForDeploymentPostprocessing = 0;
		};
		B4BF99512322DAEF008404AE /* Resources */ = {
			isa = PBXResourcesBuildPhase;
			buildActionMask = 2147483647;
			files = (
			);
			runOnlyForDeploymentPostprocessing = 0;
		};
		B4BF995C2322DAEF008404AE /* Resources */ = {
			isa = PBXResourcesBuildPhase;
			buildActionMask = 2147483647;
			files = (
			);
			runOnlyForDeploymentPostprocessing = 0;
		};
/* End PBXResourcesBuildPhase section */

/* Begin PBXSourcesBuildPhase section */
		B4BF993B2322DAED008404AE /* Sources */ = {
			isa = PBXSourcesBuildPhase;
			buildActionMask = 2147483647;
			files = (
				B4BF99452322DAED008404AE /* ViewController.swift in Sources */,
				B4BF99432322DAED008404AE /* AppDelegate.swift in Sources */,
			);
			runOnlyForDeploymentPostprocessing = 0;
		};
		B4BF994F2322DAEF008404AE /* Sources */ = {
			isa = PBXSourcesBuildPhase;
			buildActionMask = 2147483647;
			files = (
				B4BF99582322DAEF008404AE /* quizTests.swift in Sources */,
			);
			runOnlyForDeploymentPostprocessing = 0;
		};
		B4BF995A2322DAEF008404AE /* Sources */ = {
			isa = PBXSourcesBuildPhase;
			buildActionMask = 2147483647;
			files = (
				B4BF99632322DAEF008404AE /* quizUITests.swift in Sources */,
			);
			runOnlyForDeploymentPostprocessing = 0;
		};
/* End PBXSourcesBuildPhase section */

/* Begin PBXTargetDependency section */
		B4BF99552322DAEF008404AE /* PBXTargetDependency */ = {
			isa = PBXTargetDependency;
			target = B4BF993E2322DAED008404AE /* quiz */;
			targetProxy = B4BF99542322DAEF008404AE /* PBXContainerItemProxy */;
		};
		B4BF99602322DAEF008404AE /* PBXTargetDependency */ = {
			isa = PBXTargetDependency;
			target = B4BF993E2322DAED008404AE /* quiz */;
			targetProxy = B4BF995F2322DAEF008404AE /* PBXContainerItemProxy */;
		};
/* End PBXTargetDependency section */

/* Begin PBXVariantGroup section */
		B4BF99462322DAED008404AE /* Main.storyboard */ = {
			isa = PBXVariantGroup;
			children = (
				B4BF99472322DAED008404AE /* Base */,
			);
			name = Main.storyboard;
			sourceTree = "<group>";
		};
		B4BF994B2322DAEF008404AE /* LaunchScreen.storyboard */ = {
			isa = PBXVariantGroup;
			children = (
				B4BF994C2322DAEF008404AE /* Base */,
			);
			name = LaunchScreen.storyboard;
			sourceTree = "<group>";
		};
/* End PBXVariantGroup section */

/* Begin XCBuildConfiguration section */
		B4BF99652322DAEF008404AE /* Debug */ = {
			isa = XCBuildConfiguration;
			buildSettings = {
				ALWAYS_SEARCH_USER_PATHS = NO;
				CLANG_ANALYZER_NONNULL = YES;
				CLANG_ANALYZER_NUMBER_OBJECT_CONVERSION = YES_AGGRESSIVE;
				CLANG_CXX_LANGUAGE_STANDARD = "gnu++14";
				CLANG_CXX_LIBRARY = "libc++";
				CLANG_ENABLE_MODULES = YES;
				CLANG_ENABLE_OBJC_ARC = YES;
				CLANG_ENABLE_OBJC_WEAK = YES;
				CLANG_WARN_BLOCK_CAPTURE_AUTORELEASING = YES;
				CLANG_WARN_BOOL_CONVERSION = YES;
				CLANG_WARN_COMMA = YES;
				CLANG_WARN_CONSTANT_CONVERSION = YES;
				CLANG_WARN_DEPRECATED_OBJC_IMPLEMENTATIONS = YES;
				CLANG_WARN_DIRECT_OBJC_ISA_USAGE = YES_ERROR;
				CLANG_WARN_DOCUMENTATION_COMMENTS = YES;
				CLANG_WARN_EMPTY_BODY = YES;
				CLANG_WARN_ENUM_CONVERSION = YES;
				CLANG_WARN_INFINITE_RECURSION = YES;
				CLANG_WARN_INT_CONVERSION = YES;
				CLANG_WARN_NON_LITERAL_NULL_CONVERSION = YES;
				CLANG_WARN_OBJC_IMPLICIT_RETAIN_SELF = YES;
				CLANG_WARN_OBJC_LITERAL_CONVERSION = YES;
				CLANG_WARN_OBJC_ROOT_CLASS = YES_ERROR;
				CLANG_WARN_RANGE_LOOP_ANALYSIS = YES;
				CLANG_WARN_STRICT_PROTOTYPES = YES;
				CLANG_WARN_SUSPICIOUS_MOVE = YES;
				CLANG_WARN_UNGUARDED_AVAILABILITY = YES_AGGRESSIVE;
				CLANG_WARN_UNREACHABLE_CODE = YES;
				CLANG_WARN__DUPLICATE_METHOD_MATCH = YES;
				CODE_SIGN_IDENTITY = "iPhone Developer";
				COPY_PHASE_STRIP = NO;
				DEBUG_INFORMATION_FORMAT = dwarf;
				ENABLE_STRICT_OBJC_MSGSEND = YES;
				ENABLE_TESTABILITY = YES;
				GCC_C_LANGUAGE_STANDARD = gnu11;
				GCC_DYNAMIC_NO_PIC = NO;
				GCC_NO_COMMON_BLOCKS = YES;
				GCC_OPTIMIZATION_LEVEL = 0;
				GCC_PREPROCESSOR_DEFINITIONS = (
					"DEBUG=1",
					"$(inherited)",
				);
				GCC_WARN_64_TO_32_BIT_CONVERSION = YES;
				GCC_WARN_ABOUT_RETURN_TYPE = YES_ERROR;
				GCC_WARN_UNDECLARED_SELECTOR = YES;
				GCC_WARN_UNINITIALIZED_AUTOS = YES_AGGRESSIVE;
				GCC_WARN_UNUSED_FUNCTION = YES;
				GCC_WARN_UNUSED_VARIABLE = YES;
				IPHONEOS_DEPLOYMENT_TARGET = 11.4;
				MTL_ENABLE_DEBUG_INFO = YES;
				ONLY_ACTIVE_ARCH = YES;
				SDKROOT = iphoneos;
				SWIFT_ACTIVE_COMPILATION_CONDITIONS = DEBUG;
				SWIFT_OPTIMIZATION_LEVEL = "-Onone";
			};
			name = Debug;
		};
		B4BF99662322DAEF008404AE /* Release */ = {
			isa = XCBuildConfiguration;
			buildSettings = {
				ALWAYS_SEARCH_USER_PATHS = NO;
				CLANG_ANALYZER_NONNULL = YES;
				CLANG_ANALYZER_NUMBER_OBJECT_CONVERSION = YES_AGGRESSIVE;
				CLANG_CXX_LANGUAGE_STANDARD = "gnu++14";
				CLANG_CXX_LIBRARY = "libc++";
				CLANG_ENABLE_MODULES = YES;
				CLANG_ENABLE_OBJC_ARC = YES;
				CLANG_ENABLE_OBJC_WEAK = YES;
				CLANG_WARN_BLOCK_CAPTURE_AUTORELEASING = YES;
				CLANG_WARN_BOOL_CONVERSION = YES;
				CLANG_WARN_COMMA = YES;
				CLANG_WARN_CONSTANT_CONVERSION = YES;
				CLANG_WARN_DEPRECATED_OBJC_IMPLEMENTATIONS = YES;
				CLANG_WARN_DIRECT_OBJC_ISA_USAGE = YES_ERROR;
				CLANG_WARN_DOCUMENTATION_COMMENTS = YES;
				CLANG_WARN_EMPTY_BODY = YES;
				CLANG_WARN_ENUM_CONVERSION = YES;
				CLANG_WARN_INFINITE_RECURSION = YES;
				CLANG_WARN_INT_CONVERSION = YES;
				CLANG_WARN_NON_LITERAL_NULL_CONVERSION = YES;
				CLANG_WARN_OBJC_IMPLICIT_RETAIN_SELF = YES;
				CLANG_WARN_OBJC_LITERAL_CONVERSION = YES;
				CLANG_WARN_OBJC_ROOT_CLASS = YES_ERROR;
				CLANG_WARN_RANGE_LOOP_ANALYSIS = YES;
				CLANG_WARN_STRICT_PROTOTYPES = YES;
				CLANG_WARN_SUSPICIOUS_MOVE = YES;
				CLANG_WARN_UNGUARDED_AVAILABILITY = YES_AGGRESSIVE;
				CLANG_WARN_UNREACHABLE_CODE = YES;
				CLANG_WARN__DUPLICATE_METHOD_MATCH = YES;
				CODE_SIGN_IDENTITY = "iPhone Developer";
				COPY_PHASE_STRIP = NO;
				DEBUG_INFORMATION_FORMAT = "dwarf-with-dsym";
				ENABLE_NS_ASSERTIONS = NO;
				ENABLE_STRICT_OBJC_MSGSEND = YES;
				GCC_C_LANGUAGE_STANDARD = gnu11;
				GCC_NO_COMMON_BLOCKS = YES;
				GCC_WARN_64_TO_32_BIT_CONVERSION = YES;
				GCC_WARN_ABOUT_RETURN_TYPE = YES_ERROR;
				GCC_WARN_UNDECLARED_SELECTOR = YES;
				GCC_WARN_UNINITIALIZED_AUTOS = YES_AGGRESSIVE;
				GCC_WARN_UNUSED_FUNCTION = YES;
				GCC_WARN_UNUSED_VARIABLE = YES;
				IPHONEOS_DEPLOYMENT_TARGET = 11.4;
				MTL_ENABLE_DEBUG_INFO = NO;
				SDKROOT = iphoneos;
				SWIFT_COMPILATION_MODE = wholemodule;
				SWIFT_OPTIMIZATION_LEVEL = "-O";
				VALIDATE_PRODUCT = YES;
			};
			name = Release;
		};
		B4BF99682322DAEF008404AE /* Debug */ = {
			isa = XCBuildConfiguration;
			buildSettings = {
				ASSETCATALOG_COMPILER_APPICON_NAME = AppIcon;
				CODE_SIGN_STYLE = Automatic;
				INFOPLIST_FILE = quiz/Info.plist;
				LD_RUNPATH_SEARCH_PATHS = (
					"$(inherited)",
					"@executable_path/Frameworks",
				);
				PRODUCT_BUNDLE_IDENTIFIER = ca.saultcollege.quiz;
				PRODUCT_NAME = "$(TARGET_NAME)";
				SWIFT_VERSION = 4.0;
				TARGETED_DEVICE_FAMILY = "1,2";
			};
			name = Debug;
		};
		B4BF99692322DAEF008404AE /* Release */ = {
			isa = XCBuildConfiguration;
			buildSettings = {
				ASSETCATALOG_COMPILER_APPICON_NAME = AppIcon;
				CODE_SIGN_STYLE = Automatic;
				INFOPLIST_FILE = quiz/Info.plist;
				LD_RUNPATH_SEARCH_PATHS = (
					"$(inherited)",
					"@executable_path/Frameworks",
				);
				PRODUCT_BUNDLE_IDENTIFIER = ca.saultcollege.quiz;
				PRODUCT_NAME = "$(TARGET_NAME)";
				SWIFT_VERSION = 4.0;
				TARGETED_DEVICE_FAMILY = "1,2";
			};
			name = Release;
		};
		B4BF996B2322DAEF008404AE /* Debug */ = {
			isa = XCBuildConfiguration;
			buildSettings = {
				ALWAYS_EMBED_SWIFT_STANDARD_LIBRARIES = YES;
				BUNDLE_LOADER = "$(TEST_HOST)";
				CODE_SIGN_STYLE = Automatic;
				INFOPLIST_FILE = quizTests/Info.plist;
				LD_RUNPATH_SEARCH_PATHS = (
					"$(inherited)",
					"@executable_path/Frameworks",
					"@loader_path/Frameworks",
				);
				PRODUCT_BUNDLE_IDENTIFIER = ca.saultcollege.quizTests;
				PRODUCT_NAME = "$(TARGET_NAME)";
				SWIFT_VERSION = 4.0;
				TARGETED_DEVICE_FAMILY = "1,2";
				TEST_HOST = "$(BUILT_PRODUCTS_DIR)/quiz.app/quiz";
			};
			name = Debug;
		};
		B4BF996C2322DAEF008404AE /* Release */ = {
			isa = XCBuildConfiguration;
			buildSettings = {
				ALWAYS_EMBED_SWIFT_STANDARD_LIBRARIES = YES;
				BUNDLE_LOADER = "$(TEST_HOST)";
				CODE_SIGN_STYLE = Automatic;
				INFOPLIST_FILE = quizTests/Info.plist;
				LD_RUNPATH_SEARCH_PATHS = (
					"$(inherited)",
					"@executable_path/Frameworks",
					"@loader_path/Frameworks",
				);
				PRODUCT_BUNDLE_IDENTIFIER = ca.saultcollege.quizTests;
				PRODUCT_NAME = "$(TARGET_NAME)";
				SWIFT_VERSION = 4.0;
				TARGETED_DEVICE_FAMILY = "1,2";
				TEST_HOST = "$(BUILT_PRODUCTS_DIR)/quiz.app/quiz";
			};
			name = Release;
		};
		B4BF996E2322DAEF008404AE /* Debug */ = {
			isa = XCBuildConfiguration;
			buildSettings = {
				ALWAYS_EMBED_SWIFT_STANDARD_LIBRARIES = YES;
				CODE_SIGN_STYLE = Automatic;
				INFOPLIST_FILE = quizUITests/Info.plist;
				LD_RUNPATH_SEARCH_PATHS = (
					"$(inherited)",
					"@executable_path/Frameworks",
					"@loader_path/Frameworks",
				);
				PRODUCT_BUNDLE_IDENTIFIER = ca.saultcollege.quizUITests;
				PRODUCT_NAME = "$(TARGET_NAME)";
				SWIFT_VERSION = 4.0;
				TARGETED_DEVICE_FAMILY = "1,2";
				TEST_TARGET_NAME = quiz;
			};
			name = Debug;
		};
		B4BF996F2322DAEF008404AE /* Release */ = {
			isa = XCBuildConfiguration;
			buildSettings = {
				ALWAYS_EMBED_SWIFT_STANDARD_LIBRARIES = YES;
				CODE_SIGN_STYLE = Automatic;
				INFOPLIST_FILE = quizUITests/Info.plist;
				LD_RUNPATH_SEARCH_PATHS = (
					"$(inherited)",
					"@executable_path/Frameworks",
					"@loader_path/Frameworks",
				);
				PRODUCT_BUNDLE_IDENTIFIER = ca.saultcollege.quizUITests;
				PRODUCT_NAME = "$(TARGET_NAME)";
				SWIFT_VERSION = 4.0;
				TARGETED_DEVICE_FAMILY = "1,2";
				TEST_TARGET_NAME = quiz;
			};
			name = Release;
		};
/* End XCBuildConfiguration section */

/* Begin XCConfigurationList section */
		B4BF993A2322DAED008404AE /* Build configuration list for PBXProject "quiz" */ = {
			isa = XCConfigurationList;
			buildConfigurations = (
				B4BF99652322DAEF008404AE /* Debug */,
				B4BF99662322DAEF008404AE /* Release */,
			);
			defaultConfigurationIsVisible = 0;
			defaultConfigurationName = Release;
		};
		B4BF99672322DAEF008404AE /* Build configuration list for PBXNativeTarget "quiz" */ = {
			isa = XCConfigurationList;
			buildConfigurations = (
				B4BF99682322DAEF008404AE /* Debug */,
				B4BF99692322DAEF008404AE /* Release */,
			);
			defaultConfigurationIsVisible = 0;
			defaultConfigurationName = Release;
		};
		B4BF996A2322DAEF008404AE /* Build configuration list for PBXNativeTarget "quizTests" */ = {
			isa = XCConfigurationList;
			buildConfigurations = (
				B4BF996B2322DAEF008404AE /* Debug */,
				B4BF996C2322DAEF008404AE /* Release */,
			);
			defaultConfigurationIsVisible = 0;
			defaultConfigurationName = Release;
		};
		B4BF996D2322DAEF008404AE /* Build configuration list for PBXNativeTarget "quizUITests" */ = {
			isa = XCConfigurationList;
			buildConfigurations = (
				B4BF996E2322DAEF008404AE /* Debug */,
				B4BF996F2322DAEF008404AE /* Release */,
			);
			defaultConfigurationIsVisible = 0;
			defaultConfigurationName = Release;
		};
/* End XCConfigurationList section */
	};
	rootObject = B4BF99372322DAED008404AE /* Project object */;
}
